{
  "name": "wxapp",
  "version": "1.0.0",
  "lockfileVersion": 1,
  "requires": true,
  "dependencies": {
    "js-base64": {
      "version": "2.4.9",
      "resolved": "http://registry.npm.taobao.org/js-base64/download/js-base64-2.4.9.tgz",
      "integrity": "sha1-dIkR+wT0imDEdxs3XKxFqA3xHAM="
    }
  }
}
